
Microsoft Visual Studio Solution File, Format Version 12.00
# Visual Studio Version 16
VisualStudioVersion = 16.0.30011.22
MinimumVisualStudioVersion = 10.0.40219.1
Project("{FAE04EC0-301F-11D3-BF4B-00C04F79EFBC}") = "ExpanderControl.Android", "ExpanderControl\ExpanderControl.Android\ExpanderControl.Android.csproj", "{94B32E37-4789-4E0A-9F31-562E146D023B}"
EndProject
Project("{FAE04EC0-301F-11D3-BF4B-00C04F79EFBC}") = "ExpanderControl", "ExpanderControl\ExpanderControl\ExpanderControl.csproj", "{36F8858C-08DF-4BC2-8AEA-F83CF178367B}"
EndProject
Global
	GlobalSection(SolutionConfigurationPlatforms) = preSolution
		Debug|Any CPU = Debug|Any CPU
		Release|Any CPU = Release|Any CPU
	EndGlobalSection
	GlobalSection(ProjectConfigurationPlatforms) = postSolution
		{94B32E37-4789-4E0A-9F31-562E146D023B}.Debug|Any CPU.ActiveCfg = Debug|Any CPU
		{94B32E37-4789-4E0A-9F31-562E146D023B}.Debug|Any CPU.Build.0 = Debug|Any CPU
		{94B32E37-4789-4E0A-9F31-562E146D023B}.Debug|Any CPU.Deploy.0 = Debug|Any CPU
		{94B32E37-4789-4E0A-9F31-562E146D023B}.Release|Any CPU.ActiveCfg = Release|Any CPU
		{94B32E37-4789-4E0A-9F31-562E146D023B}.Release|Any CPU.Build.0 = Release|Any CPU
		{94B32E37-4789-4E0A-9F31-562E146D023B}.Release|Any CPU.Deploy.0 = Release|Any CPU
		{36F8858C-08DF-4BC2-8AEA-F83CF178367B}.Debug|Any CPU.ActiveCfg = Debug|Any CPU
		{36F8858C-08DF-4BC2-8AEA-F83CF178367B}.Debug|Any CPU.Build.0 = Debug|Any CPU
		{36F8858C-08DF-4BC2-8AEA-F83CF178367B}.Debug|Any CPU.Deploy.0 = Debug|Any CPU
		{36F8858C-08DF-4BC2-8AEA-F83CF178367B}.Release|Any CPU.ActiveCfg = Release|Any CPU
		{36F8858C-08DF-4BC2-8AEA-F83CF178367B}.Release|Any CPU.Build.0 = Release|Any CPU
		{36F8858C-08DF-4BC2-8AEA-F83CF178367B}.Release|Any CPU.Deploy.0 = Release|Any CPU
	EndGlobalSection
	GlobalSection(SolutionProperties) = preSolution
		HideSolutionNode = FALSE
	EndGlobalSection
	GlobalSection(ExtensibilityGlobals) = postSolution
		SolutionGuid = {F5D16930-DC15-489D-9D3F-4E13C39656F0}
	EndGlobalSection
EndGlobal
